{
    "version": 3,
    "terraform_version": "0.11.14",
    "serial": 6,
    "lineage": "7c45c78e-b4bb-0127-3720-835719da3c85",
    "modules": [
        {
            "path": [
                "root"
            ],
            "outputs": {},
            "resources": {
                "data.vsphere_datacenter.dc": {
                    "type": "vsphere_datacenter",
                    "depends_on": [],
                    "primary": {
                        "id": "datacenter-21",
                        "attributes": {
                            "id": "datacenter-21",
                            "name": "deise"
                        },
                        "meta": {},
                        "tainted": false
                    },
                    "deposed": [],
                    "provider": "provider.vsphere"
                },
                "vsphere_folder.folder.0": {
                    "type": "vsphere_folder",
                    "depends_on": [
                        "data.vsphere_datacenter.dc"
                    ],
                    "primary": {
                        "id": "group-v210",
                        "attributes": {
                            "custom_attributes.%": "0",
                            "datacenter_id": "datacenter-21",
                            "id": "group-v210",
                            "path": "Web",
                            "tags.#": "0",
                            "type": "vm"
                        },
                        "meta": {
                            "schema_version": "1"
                        },
                        "tainted": false
                    },
                    "deposed": [],
                    "provider": "provider.vsphere"
                },
                "vsphere_folder.folder.1": {
                    "type": "vsphere_folder",
                    "depends_on": [
                        "data.vsphere_datacenter.dc"
                    ],
                    "primary": {
                        "id": "group-v208",
                        "attributes": {
                            "custom_attributes.%": "0",
                            "datacenter_id": "datacenter-21",
                            "id": "group-v208",
                            "path": "App",
                            "tags.#": "0",
                            "type": "vm"
                        },
                        "meta": {
                            "schema_version": "1"
                        },
                        "tainted": false
                    },
                    "deposed": [],
                    "provider": "provider.vsphere"
                }
            },
            "depends_on": []
        }
    ]
}
